// !$*UTF8*$!
{
	archiveVersion = 1;
	classes = {
	};
	objectVersion = 46;
	objects = {

/* Begin PBXBuildFile section */
		2E8F2D1A1E9EB392009F017D /* AppDelegate.swift in Sources */ = {isa = PBXBuildFile; fileRef = 2E8F2D191E9EB392009F017D /* AppDelegate.swift */; };
		2E8F2D1C1E9EB392009F017D /* ViewController.swift in Sources */ = {isa = PBXBuildFile; fileRef = 2E8F2D1B1E9EB392009F017D /* ViewController.swift */; };
		2E8F2D1F1E9EB392009F017D /* Main.storyboard in Resources */ = {isa = PBXBuildFile; fileRef = 2E8F2D1D1E9EB392009F017D /* Main.storyboard */; };
		2E8F2D221E9EB392009F017D /* jsontest.xcdatamodeld in Sources */ = {isa = PBXBuildFile; fileRef = 2E8F2D201E9EB392009F017D /* jsontest.xcdatamodeld */; };
		2E8F2D241E9EB392009F017D /* Assets.xcassets in Resources */ = {isa = PBXBuildFile; fileRef = 2E8F2D231E9EB392009F017D /* Assets.xcassets */; };
		2E8F2D271E9EB392009F017D /* LaunchScreen.storyboard in Resources */ = {isa = PBXBuildFile; fileRef = 2E8F2D251E9EB392009F017D /* LaunchScreen.storyboard */; };
		2E8F2D321E9EB392009F017D /* jsontestTests.swift in Sources */ = {isa = PBXBuildFile; fileRef = 2E8F2D311E9EB392009F017D /* jsontestTests.swift */; };
		2E8F2D3D1E9EB392009F017D /* jsontestUITests.swift in Sources */ = {isa = PBXBuildFile; fileRef = 2E8F2D3C1E9EB392009F017D /* jsontestUITests.swift */; };
/* End PBXBuildFile section */

/* Begin PBXContainerItemProxy section */
		2E8F2D2E1E9EB392009F017D /* PBXContainerItemProxy */ = {
			isa = PBXContainerItemProxy;
			containerPortal = 2E8F2D0E1E9EB391009F017D /* Project object */;
			proxyType = 1;
			remoteGlobalIDString = 2E8F2D151E9EB392009F017D;
			remoteInfo = jsontest;
		};
		2E8F2D391E9EB392009F017D /* PBXContainerItemProxy */ = {
			isa = PBXContainerItemProxy;
			containerPortal = 2E8F2D0E1E9EB391009F017D /* Project object */;
			proxyType = 1;
			remoteGlobalIDString = 2E8F2D151E9EB392009F017D;
			remoteInfo = jsontest;
		};
/* End PBXContainerItemProxy section */

/* Begin PBXFileReference section */
		2E8F2D161E9EB392009F017D /* jsontest.app */ = {isa = PBXFileReference; explicitFileType = wrapper.application; includeInIndex = 0; path = jsontest.app; sourceTree = BUILT_PRODUCTS_DIR; };
		2E8F2D191E9EB392009F017D /* AppDelegate.swift */ = {isa = PBXFileReference; lastKnownFileType = sourcecode.swift; path = AppDelegate.swift; sourceTree = "<group>"; };
		2E8F2D1B1E9EB392009F017D /* ViewController.swift */ = {isa = PBXFileReference; lastKnownFileType = sourcecode.swift; path = ViewController.swift; sourceTree = "<group>"; };
		2E8F2D1E1E9EB392009F017D /* Base */ = {isa = PBXFileReference; lastKnownFileType = file.storyboard; name = Base; path = Base.lproj/Main.storyboard; sourceTree = "<group>"; };
		2E8F2D211E9EB392009F017D /* jsontest.xcdatamodel */ = {isa = PBXFileReference; lastKnownFileType = wrapper.xcdatamodel; path = jsontest.xcdatamodel; sourceTree = "<group>"; };
		2E8F2D231E9EB392009F017D /* Assets.xcassets */ = {isa = PBXFileReference; lastKnownFileType = folder.assetcatalog; path = Assets.xcassets; sourceTree = "<group>"; };
		2E8F2D261E9EB392009F017D /* Base */ = {isa = PBXFileReference; lastKnownFileType = file.storyboard; name = Base; path = Base.lproj/LaunchScreen.storyboard; sourceTree = "<group>"; };
		2E8F2D281E9EB392009F017D /* Info.plist */ = {isa = PBXFileReference; lastKnownFileType = text.plist.xml; path = Info.plist; sourceTree = "<group>"; };
		2E8F2D2D1E9EB392009F017D /* jsontestTests.xctest */ = {isa = PBXFileReference; explicitFileType = wrapper.cfbundle; includeInIndex = 0; path = jsontestTests.xctest; sourceTree = BUILT_PRODUCTS_DIR; };
		2E8F2D311E9EB392009F017D /* jsontestTests.swift */ = {isa = PBXFileReference; lastKnownFileType = sourcecode.swift; path = jsontestTests.swift; sourceTree = "<group>"; };
		2E8F2D331E9EB392009F017D /* Info.plist */ = {isa = PBXFileReference; lastKnownFileType = text.plist.xml; path = Info.plist; sourceTree = "<group>"; };
		2E8F2D381E9EB392009F017D /* jsontestUITests.xctest */ = {isa = PBXFileReference; explicitFileType = wrapper.cfbundle; includeInIndex = 0; path = jsontestUITests.xctest; sourceTree = BUILT_PRODUCTS_DIR; };
		2E8F2D3C1E9EB392009F017D /* jsontestUITests.swift */ = {isa = PBXFileReference; lastKnownFileType = sourcecode.swift; path = jsontestUITests.swift; sourceTree = "<group>"; };
		2E8F2D3E1E9EB392009F017D /* Info.plist */ = {isa = PBXFileReference; lastKnownFileType = text.plist.xml; path = Info.plist; sourceTree = "<group>"; };
/* End PBXFileReference section */

/* Begin PBXFrameworksBuildPhase section */
		2E8F2D131E9EB392009F017D /* Frameworks */ = {
			isa = PBXFrameworksBuildPhase;
			buildActionMask = 2147483647;
			files = (
			);
			runOnlyForDeploymentPostprocessing = 0;
		};
		2E8F2D2A1E9EB392009F017D /* Frameworks */ = {
			isa = PBXFrameworksBuildPhase;
			buildActionMask = 2147483647;
			files = (
			);
			runOnlyForDeploymentPostprocessing = 0;
		};
		2E8F2D351E9EB392009F017D /* Frameworks */ = {
			isa = PBXFrameworksBuildPhase;
			buildActionMask = 2147483647;
			files = (
			);
			runOnlyForDeploymentPostprocessing = 0;
		};
/* End PBXFrameworksBuildPhase section */

/* Begin PBXGroup section */
		2E8F2D0D1E9EB391009F017D = {
			isa = PBXGroup;
			children = (
				2E8F2D181E9EB392009F017D /* jsontest */,
				2E8F2D301E9EB392009F017D /* jsontestTests */,
				2E8F2D3B1E9EB392009F017D /* jsontestUITests */,
				2E8F2D171E9EB392009F017D /* Products */,
			);
			sourceTree = "<group>";
		};
		2E8F2D171E9EB392009F017D /* Products */ = {
			isa = PBXGroup;
			children = (
				2E8F2D161E9EB392009F017D /* jsontest.app */,
				2E8F2D2D1E9EB392009F017D /* jsontestTests.xctest */,
				2E8F2D381E9EB392009F017D /* jsontestUITests.xctest */,
			);
			name = Products;
			sourceTree = "<group>";
		};
		2E8F2D181E9EB392009F017D /* jsontest */ = {
			isa = PBXGroup;
			children = (
				2E8F2D191E9EB392009F017D /* AppDelegate.swift */,
				2E8F2D1B1E9EB392009F017D /* ViewController.swift */,
				2E8F2D1D1E9EB392009F017D /* Main.storyboard */,
				2E8F2D231E9EB392009F017D /* Assets.xcassets */,
				2E8F2D251E9EB392009F017D /* LaunchScreen.storyboard */,
				2E8F2D281E9EB392009F017D /* Info.plist */,
				2E8F2D201E9EB392009F017D /* jsontest.xcdatamodeld */,
			);
			path = jsontest;
			sourceTree = "<group>";
		};
		2E8F2D301E9EB392009F017D /* jsontestTests */ = {
			isa = PBXGroup;
			children = (
				2E8F2D311E9EB392009F017D /* jsontestTests.swift */,
				2E8F2D331E9EB392009F017D /* Info.plist */,
			);
			path = jsontestTests;
			sourceTree = "<group>";
		};
		2E8F2D3B1E9EB392009F017D /* jsontestUITests */ = {
			isa = PBXGroup;
			children = (
				2E8F2D3C1E9EB392009F017D /* jsontestUITests.swift */,
				2E8F2D3E1E9EB392009F017D /* Info.plist */,
			);
			path = jsontestUITests;
			sourceTree = "<group>";
		};
/* End PBXGroup section */

/* Begin PBXNativeTarget section */
		2E8F2D151E9EB392009F017D /* jsontest */ = {
			isa = PBXNativeTarget;
			buildConfigurationList = 2E8F2D411E9EB392009F017D /* Build configuration list for PBXNativeTarget "jsontest" */;
			buildPhases = (
				2E8F2D121E9EB392009F017D /* Sources */,
				2E8F2D131E9EB392009F017D /* Frameworks */,
				2E8F2D141E9EB392009F017D /* Resources */,
			);
			buildRules = (
			);
			dependencies = (
			);
			name = jsontest;
			productName = jsontest;
			productReference = 2E8F2D161E9EB392009F017D /* jsontest.app */;
			productType = "com.apple.product-type.application";
		};
		2E8F2D2C1E9EB392009F017D /* jsontestTests */ = {
			isa = PBXNativeTarget;
			buildConfigurationList = 2E8F2D441E9EB392009F017D /* Build configuration list for PBXNativeTarget "jsontestTests" */;
			buildPhases = (
				2E8F2D291E9EB392009F017D /* Sources */,
				2E8F2D2A1E9EB392009F017D /* Frameworks */,
				2E8F2D2B1E9EB392009F017D /* Resources */,
			);
			buildRules = (
			);
			dependencies = (
				2E8F2D2F1E9EB392009F017D /* PBXTargetDependency */,
			);
			name = jsontestTests;
			productName = jsontestTests;
			productReference = 2E8F2D2D1E9EB392009F017D /* jsontestTests.xctest */;
			productType = "com.apple.product-type.bundle.unit-test";
		};
		2E8F2D371E9EB392009F017D /* jsontestUITests */ = {
			isa = PBXNativeTarget;
			buildConfigurationList = 2E8F2D471E9EB392009F017D /* Build configuration list for PBXNativeTarget "jsontestUITests" */;
			buildPhases = (
				2E8F2D341E9EB392009F017D /* Sources */,
				2E8F2D351E9EB392009F017D /* Frameworks */,
				2E8F2D361E9EB392009F017D /* Resources */,
			);
			buildRules = (
			);
			dependencies = (
				2E8F2D3A1E9EB392009F017D /* PBXTargetDependency */,
			);
			name = jsontestUITests;
			productName = jsontestUITests;
			productReference = 2E8F2D381E9EB392009F017D /* jsontestUITests.xctest */;
			productType = "com.apple.product-type.bundle.ui-testing";
		};
/* End PBXNativeTarget section */

/* Begin PBXProject section */
		2E8F2D0E1E9EB391009F017D /* Project object */ = {
			isa = PBXProject;
			attributes = {
				LastSwiftUpdateCheck = 0830;
				LastUpgradeCheck = 0830;
				ORGANIZATIONNAME = "Qinjia Huang";
				TargetAttributes = {
					2E8F2D151E9EB392009F017D = {
						CreatedOnToolsVersion = 8.3.1;
						ProvisioningStyle = Automatic;
					};
					2E8F2D2C1E9EB392009F017D = {
						CreatedOnToolsVersion = 8.3.1;
						ProvisioningStyle = Automatic;
						TestTargetID = 2E8F2D151E9EB392009F017D;
					};
					2E8F2D371E9EB392009F017D = {
						CreatedOnToolsVersion = 8.3.1;
						ProvisioningStyle = Automatic;
						TestTargetID = 2E8F2D151E9EB392009F017D;
					};
				};
			};
			buildConfigurationList = 2E8F2D111E9EB391009F017D /* Build configuration list for PBXProject "jsontest" */;
			compatibilityVersion = "Xcode 3.2";
			developmentRegion = English;
			hasScannedForEncodings = 0;
			knownRegions = (
				en,
				Base,
			);
			mainGroup = 2E8F2D0D1E9EB391009F017D;
			productRefGroup = 2E8F2D171E9EB392009F017D /* Products */;
			projectDirPath = "";
			projectRoot = "";
			targets = (
				2E8F2D151E9EB392009F017D /* jsontest */,
				2E8F2D2C1E9EB392009F017D /* jsontestTests */,
				2E8F2D371E9EB392009F017D /* jsontestUITests */,
			);
		};
/* End PBXProject section */

/* Begin PBXResourcesBuildPhase section */
		2E8F2D141E9EB392009F017D /* Resources */ = {
			isa = PBXResourcesBuildPhase;
			buildActionMask = 2147483647;
			files = (
				2E8F2D271E9EB392009F017D /* LaunchScreen.storyboard in Resources */,
				2E8F2D241E9EB392009F017D /* Assets.xcassets in Resources */,
				2E8F2D1F1E9EB392009F017D /* Main.storyboard in Resources */,
			);
			runOnlyForDeploymentPostprocessing = 0;
		};
		2E8F2D2B1E9EB392009F017D /* Resources */ = {
			isa = PBXResourcesBuildPhase;
			buildActionMask = 2147483647;
			files = (
			);
			runOnlyForDeploymentPostprocessing = 0;
		};
		2E8F2D361E9EB392009F017D /* Resources */ = {
			isa = PBXResourcesBuildPhase;
			buildActionMask = 2147483647;
			files = (
			);
			runOnlyForDeploymentPostprocessing = 0;
		};
/* End PBXResourcesBuildPhase section */

/* Begin PBXSourcesBuildPhase section */
		2E8F2D121E9EB392009F017D /* Sources */ = {
			isa = PBXSourcesBuildPhase;
			buildActionMask = 2147483647;
			files = (
				2E8F2D1C1E9EB392009F017D /* ViewController.swift in Sources */,
				2E8F2D221E9EB392009F017D /* jsontest.xcdatamodeld in Sources */,
				2E8F2D1A1E9EB392009F017D /* AppDelegate.swift in Sources */,
			);
			runOnlyForDeploymentPostprocessing = 0;
		};
		2E8F2D291E9EB392009F017D /* Sources */ = {
			isa = PBXSourcesBuildPhase;
			buildActionMask = 2147483647;
			files = (
				2E8F2D321E9EB392009F017D /* jsontestTests.swift in Sources */,
			);
			runOnlyForDeploymentPostprocessing = 0;
		};
		2E8F2D341E9EB392009F017D /* Sources */ = {
			isa = PBXSourcesBuildPhase;
			buildActionMask = 2147483647;
			files = (
				2E8F2D3D1E9EB392009F017D /* jsontestUITests.swift in Sources */,
			);
			runOnlyForDeploymentPostprocessing = 0;
		};
/* End PBXSourcesBuildPhase section */

/* Begin PBXTargetDependency section */
		2E8F2D2F1E9EB392009F017D /* PBXTargetDependency */ = {
			isa = PBXTargetDependency;
			target = 2E8F2D151E9EB392009F017D /* jsontest */;
			targetProxy = 2E8F2D2E1E9EB392009F017D /* PBXContainerItemProxy */;
		};
		2E8F2D3A1E9EB392009F017D /* PBXTargetDependency */ = {
			isa = PBXTargetDependency;
			target = 2E8F2D151E9EB392009F017D /* jsontest */;
			targetProxy = 2E8F2D391E9EB392009F017D /* PBXContainerItemProxy */;
		};
/* End PBXTargetDependency section */

/* Begin PBXVariantGroup section */
		2E8F2D1D1E9EB392009F017D /* Main.storyboard */ = {
			isa = PBXVariantGroup;
			children = (
				2E8F2D1E1E9EB392009F017D /* Base */,
			);
			name = Main.storyboard;
			sourceTree = "<group>";
		};
		2E8F2D251E9EB392009F017D /* LaunchScreen.storyboard */ = {
			isa = PBXVariantGroup;
			children = (
				2E8F2D261E9EB392009F017D /* Base */,
			);
			name = LaunchScreen.storyboard;
			sourceTree = "<group>";
		};
/* End PBXVariantGroup section */

/* Begin XCBuildConfiguration section */
		2E8F2D3F1E9EB392009F017D /* Debug */ = {
			isa = XCBuildConfiguration;
			buildSettings = {
				ALWAYS_SEARCH_USER_PATHS = NO;
				CLANG_ANALYZER_NONNULL = YES;
				CLANG_ANALYZER_NUMBER_OBJECT_CONVERSION = YES_AGGRESSIVE;
				CLANG_CXX_LANGUAGE_STANDARD = "gnu++0x";
				CLANG_CXX_LIBRARY = "libc++";
				CLANG_ENABLE_MODULES = YES;
				CLANG_ENABLE_OBJC_ARC = YES;
				CLANG_WARN_BOOL_CONVERSION = YES;
				CLANG_WARN_CONSTANT_CONVERSION = YES;
				CLANG_WARN_DIRECT_OBJC_ISA_USAGE = YES_ERROR;
				CLANG_WARN_DOCUMENTATION_COMMENTS = YES;
				CLANG_WARN_EMPTY_BODY = YES;
				CLANG_WARN_ENUM_CONVERSION = YES;
				CLANG_WARN_INFINITE_RECURSION = YES;
				CLANG_WARN_INT_CONVERSION = YES;
				CLANG_WARN_OBJC_ROOT_CLASS = YES_ERROR;
				CLANG_WARN_SUSPICIOUS_MOVE = YES;
				CLANG_WARN_UNREACHABLE_CODE = YES;
				CLANG_WARN__DUPLICATE_METHOD_MATCH = YES;
				"CODE_SIGN_IDENTITY[sdk=iphoneos*]" = "iPhone Developer";
				COPY_PHASE_STRIP = NO;
				DEBUG_INFORMATION_FORMAT = dwarf;
				ENABLE_STRICT_OBJC_MSGSEND = YES;
				ENABLE_TESTABILITY = YES;
				GCC_C_LANGUAGE_STANDARD = gnu99;
				GCC_DYNAMIC_NO_PIC = NO;
				GCC_NO_COMMON_BLOCKS = YES;
				GCC_OPTIMIZATION_LEVEL = 0;
				GCC_PREPROCESSOR_DEFINITIONS = (
					"DEBUG=1",
					"$(inherited)",
				);
				GCC_WARN_64_TO_32_BIT_CONVERSION = YES;
				GCC_WARN_ABOUT_RETURN_TYPE = YES_ERROR;
				GCC_WARN_UNDECLARED_SELECTOR = YES;
				GCC_WARN_UNINITIALIZED_AUTOS = YES_AGGRESSIVE;
				GCC_WARN_UNUSED_FUNCTION = YES;
				GCC_WARN_UNUSED_VARIABLE = YES;
				IPHONEOS_DEPLOYMENT_TARGET = 10.3;
				MTL_ENABLE_DEBUG_INFO = YES;
				ONLY_ACTIVE_ARCH = YES;
				SDKROOT = iphoneos;
				SWIFT_ACTIVE_COMPILATION_CONDITIONS = DEBUG;
				SWIFT_OPTIMIZATION_LEVEL = "-Onone";
			};
			name = Debug;
		};
		2E8F2D401E9EB392009F017D /* Release */ = {
			isa = XCBuildConfiguration;
			buildSettings = {
				ALWAYS_SEARCH_USER_PATHS = NO;
				CLANG_ANALYZER_NONNULL = YES;
				CLANG_ANALYZER_NUMBER_OBJECT_CONVERSION = YES_AGGRESSIVE;
				CLANG_CXX_LANGUAGE_STANDARD = "gnu++0x";
				CLANG_CXX_LIBRARY = "libc++";
				CLANG_ENABLE_MODULES = YES;
				CLANG_ENABLE_OBJC_ARC = YES;
				CLANG_WARN_BOOL_CONVERSION = YES;
				CLANG_WARN_CONSTANT_CONVERSION = YES;
				CLANG_WARN_DIRECT_OBJC_ISA_USAGE = YES_ERROR;
				CLANG_WARN_DOCUMENTATION_COMMENTS = YES;
				CLANG_WARN_EMPTY_BODY = YES;
				CLANG_WARN_ENUM_CONVERSION = YES;
				CLANG_WARN_INFINITE_RECURSION = YES;
				CLANG_WARN_INT_CONVERSION = YES;
				CLANG_WARN_OBJC_ROOT_CLASS = YES_ERROR;
				CLANG_WARN_SUSPICIOUS_MOVE = YES;
				CLANG_WARN_UNREACHABLE_CODE = YES;
				CLANG_WARN__DUPLICATE_METHOD_MATCH = YES;
				"CODE_SIGN_IDENTITY[sdk=iphoneos*]" = "iPhone Developer";
				COPY_PHASE_STRIP = NO;
				DEBUG_INFORMATION_FORMAT = "dwarf-with-dsym";
				ENABLE_NS_ASSERTIONS = NO;
				ENABLE_STRICT_OBJC_MSGSEND = YES;
				GCC_C_LANGUAGE_STANDARD = gnu99;
				GCC_NO_COMMON_BLOCKS = YES;
				GCC_WARN_64_TO_32_BIT_CONVERSION = YES;
				GCC_WARN_ABOUT_RETURN_TYPE = YES_ERROR;
				GCC_WARN_UNDECLARED_SELECTOR = YES;
				GCC_WARN_UNINITIALIZED_AUTOS = YES_AGGRESSIVE;
				GCC_WARN_UNUSED_FUNCTION = YES;
				GCC_WARN_UNUSED_VARIABLE = YES;
				IPHONEOS_DEPLOYMENT_TARGET = 10.3;
				MTL_ENABLE_DEBUG_INFO = NO;
				SDKROOT = iphoneos;
				SWIFT_OPTIMIZATION_LEVEL = "-Owholemodule";
				VALIDATE_PRODUCT = YES;
			};
			name = Release;
		};
		2E8F2D421E9EB392009F017D /* Debug */ = {
			isa = XCBuildConfiguration;
			buildSettings = {
				ASSETCATALOG_COMPILER_APPICON_NAME = AppIcon;
				INFOPLIST_FILE = jsontest/Info.plist;
				LD_RUNPATH_SEARCH_PATHS = "$(inherited) @executable_path/Frameworks";
				PRODUCT_BUNDLE_IDENTIFIER = edu.uec.jsontest;
				PRODUCT_NAME = "$(TARGET_NAME)";
				SWIFT_VERSION = 3.0;
			};
			name = Debug;
		};
		2E8F2D431E9EB392009F017D /* Release */ = {
			isa = XCBuildConfiguration;
			buildSettings = {
				ASSETCATALOG_COMPILER_APPICON_NAME = AppIcon;
				INFOPLIST_FILE = jsontest/Info.plist;
				LD_RUNPATH_SEARCH_PATHS = "$(inherited) @executable_path/Frameworks";
				PRODUCT_BUNDLE_IDENTIFIER = edu.uec.jsontest;
				PRODUCT_NAME = "$(TARGET_NAME)";
				SWIFT_VERSION = 3.0;
			};
			name = Release;
		};
		2E8F2D451E9EB392009F017D /* Debug */ = {
			isa = XCBuildConfiguration;
			buildSettings = {
				ALWAYS_EMBED_SWIFT_STANDARD_LIBRARIES = YES;
				BUNDLE_LOADER = "$(TEST_HOST)";
				INFOPLIST_FILE = jsontestTests/Info.plist;
				LD_RUNPATH_SEARCH_PATHS = "$(inherited) @executable_path/Frameworks @loader_path/Frameworks";
				PRODUCT_BUNDLE_IDENTIFIER = edu.uec.jsontestTests;
				PRODUCT_NAME = "$(TARGET_NAME)";
				SWIFT_VERSION = 3.0;
				TEST_HOST = "$(BUILT_PRODUCTS_DIR)/jsontest.app/jsontest";
			};
			name = Debug;
		};
		2E8F2D461E9EB392009F017D /* Release */ = {
			isa = XCBuildConfiguration;
			buildSettings = {
				ALWAYS_EMBED_SWIFT_STANDARD_LIBRARIES = YES;
				BUNDLE_LOADER = "$(TEST_HOST)";
				INFOPLIST_FILE = jsontestTests/Info.plist;
				LD_RUNPATH_SEARCH_PATHS = "$(inherited) @executable_path/Frameworks @loader_path/Frameworks";
				PRODUCT_BUNDLE_IDENTIFIER = edu.uec.jsontestTests;
				PRODUCT_NAME = "$(TARGET_NAME)";
				SWIFT_VERSION = 3.0;
				TEST_HOST = "$(BUILT_PRODUCTS_DIR)/jsontest.app/jsontest";
			};
			name = Release;
		};
		2E8F2D481E9EB392009F017D /* Debug */ = {
			isa = XCBuildConfiguration;
			buildSettings = {
				ALWAYS_EMBED_SWIFT_STANDARD_LIBRARIES = YES;
				INFOPLIST_FILE = jsontestUITests/Info.plist;
				LD_RUNPATH_SEARCH_PATHS = "$(inherited) @executable_path/Frameworks @loader_path/Frameworks";
				PRODUCT_BUNDLE_IDENTIFIER = edu.uec.jsontestUITests;
				PRODUCT_NAME = "$(TARGET_NAME)";
				SWIFT_VERSION = 3.0;
				TEST_TARGET_NAME = jsontest;
			};
			name = Debug;
		};
		2E8F2D491E9EB392009F017D /* Release */ = {
			isa = XCBuildConfiguration;
			buildSettings = {
				ALWAYS_EMBED_SWIFT_STANDARD_LIBRARIES = YES;
				INFOPLIST_FILE = jsontestUITests/Info.plist;
				LD_RUNPATH_SEARCH_PATHS = "$(inherited) @executable_path/Frameworks @loader_path/Frameworks";
				PRODUCT_BUNDLE_IDENTIFIER = edu.uec.jsontestUITests;
				PRODUCT_NAME = "$(TARGET_NAME)";
				SWIFT_VERSION = 3.0;
				TEST_TARGET_NAME = jsontest;
			};
			name = Release;
		};
/* End XCBuildConfiguration section */

/* Begin XCConfigurationList section */
		2E8F2D111E9EB391009F017D /* Build configuration list for PBXProject "jsontest" */ = {
			isa = XCConfigurationList;
			buildConfigurations = (
				2E8F2D3F1E9EB392009F017D /* Debug */,
				2E8F2D401E9EB392009F017D /* Release */,
			);
			defaultConfigurationIsVisible = 0;
			defaultConfigurationName = Release;
		};
		2E8F2D411E9EB392009F017D /* Build configuration list for PBXNativeTarget "jsontest" */ = {
			isa = XCConfigurationList;
			buildConfigurations = (
				2E8F2D421E9EB392009F017D /* Debug */,
				2E8F2D431E9EB392009F017D /* Release */,
			);
			defaultConfigurationIsVisible = 0;
		};
		2E8F2D441E9EB392009F017D /* Build configuration list for PBXNativeTarget "jsontestTests" */ = {
			isa = XCConfigurationList;
			buildConfigurations = (
				2E8F2D451E9EB392009F017D /* Debug */,
				2E8F2D461E9EB392009F017D /* Release */,
			);
			defaultConfigurationIsVisible = 0;
		};
		2E8F2D471E9EB392009F017D /* Build configuration list for PBXNativeTarget "jsontestUITests" */ = {
			isa = XCConfigurationList;
			buildConfigurations = (
				2E8F2D481E9EB392009F017D /* Debug */,
				2E8F2D491E9EB392009F017D /* Release */,
			);
			defaultConfigurationIsVisible = 0;
		};
/* End XCConfigurationList section */

/* Begin XCVersionGroup section */
		2E8F2D201E9EB392009F017D /* jsontest.xcdatamodeld */ = {
			isa = XCVersionGroup;
			children = (
				2E8F2D211E9EB392009F017D /* jsontest.xcdatamodel */,
			);
			currentVersion = 2E8F2D211E9EB392009F017D /* jsontest.xcdatamodel */;
			path = jsontest.xcdatamodeld;
			sourceTree = "<group>";
			versionGroupType = wrapper.xcdatamodel;
		};
/* End XCVersionGroup section */
	};
	rootObject = 2E8F2D0E1E9EB391009F017D /* Project object */;
}
